
Microsoft Visual Studio Solution File, Format Version 12.00
# Visual Studio 2013
VisualStudioVersion = 12.0.21005.1
MinimumVisualStudioVersion = 10.0.40219.1
Project("{FAE04EC0-301F-11D3-BF4B-00C04F79EFBC}") = "PluralWcfService.Services", "PluralWcfService.Services\PluralWcfService.Services.csproj", "{30B09637-776D-4477-9E21-E470F078EC56}"
EndProject
Project("{FAE04EC0-301F-11D3-BF4B-00C04F79EFBC}") = "PluralWcfService.Entities", "PluralWcfService.Entities\PluralWcfService.Entities.csproj", "{9F3C8B0B-117F-4976-A5D3-572E70DAE622}"
EndProject
Project("{FAE04EC0-301F-11D3-BF4B-00C04F79EFBC}") = "PluralWcfService.Data", "PluralWcfService.Data\PluralWcfService.Data.csproj", "{3DD5187F-9E10-4884-AAC2-98D5569FFF14}"
EndProject
Global
	GlobalSection(SolutionConfigurationPlatforms) = preSolution
		Debug|Any CPU = Debug|Any CPU
		Release|Any CPU = Release|Any CPU
	EndGlobalSection
	GlobalSection(ProjectConfigurationPlatforms) = postSolution
		{30B09637-776D-4477-9E21-E470F078EC56}.Debug|Any CPU.ActiveCfg = Debug|Any CPU
		{30B09637-776D-4477-9E21-E470F078EC56}.Debug|Any CPU.Build.0 = Debug|Any CPU
		{30B09637-776D-4477-9E21-E470F078EC56}.Release|Any CPU.ActiveCfg = Release|Any CPU
		{30B09637-776D-4477-9E21-E470F078EC56}.Release|Any CPU.Build.0 = Release|Any CPU
		{9F3C8B0B-117F-4976-A5D3-572E70DAE622}.Debug|Any CPU.ActiveCfg = Debug|Any CPU
		{9F3C8B0B-117F-4976-A5D3-572E70DAE622}.Debug|Any CPU.Build.0 = Debug|Any CPU
		{9F3C8B0B-117F-4976-A5D3-572E70DAE622}.Release|Any CPU.ActiveCfg = Release|Any CPU
		{9F3C8B0B-117F-4976-A5D3-572E70DAE622}.Release|Any CPU.Build.0 = Release|Any CPU
		{3DD5187F-9E10-4884-AAC2-98D5569FFF14}.Debug|Any CPU.ActiveCfg = Debug|Any CPU
		{3DD5187F-9E10-4884-AAC2-98D5569FFF14}.Debug|Any CPU.Build.0 = Debug|Any CPU
		{3DD5187F-9E10-4884-AAC2-98D5569FFF14}.Release|Any CPU.ActiveCfg = Release|Any CPU
		{3DD5187F-9E10-4884-AAC2-98D5569FFF14}.Release|Any CPU.Build.0 = Release|Any CPU
	EndGlobalSection
	GlobalSection(SolutionProperties) = preSolution
		HideSolutionNode = FALSE
	EndGlobalSection
EndGlobal
